{
  "name": "ajs-homewark_3.1_node_2",
  "version": "1.0.0",
  "lockfileVersion": 2,
  "requires": true,
  "packages": {
    "": {
      "name": "ajs-homewark_3.1_node_2",
      "version": "1.0.0",
      "license": "ISC",
      "dependencies": {
        "@alexanderandreevgit/ajs-homewark_3.1_node": "^1.0.2"
      }
    },
    "node_modules/@alexanderandreevgit/ajs-homewark_3.1_node": {
      "version": "1.0.2",
      "resolved": "https://npm.pkg.github.com/download/@alexanderandreevgit/ajs-homewark_3.1_node/1.0.2/e590800a4fe1fb895dba58217cc57c0919ec1cbf5902aad4e212f187860cbafb",
      "integrity": "sha512-xrednpNFiTzuAzsElNmYo9ruOMDagiR+9rNQtycRW85ebHPUvwYdYQzS1F+YkWqBkQRAfje4Zt6Y3V66E8Chzg==",
      "license": "ISC"
    }
  },
  "dependencies": {
    "@alexanderandreevgit/ajs-homewark_3.1_node": {
      "version": "1.0.2",
      "resolved": "https://npm.pkg.github.com/download/@alexanderandreevgit/ajs-homewark_3.1_node/1.0.2/e590800a4fe1fb895dba58217cc57c0919ec1cbf5902aad4e212f187860cbafb",
      "integrity": "sha512-xrednpNFiTzuAzsElNmYo9ruOMDagiR+9rNQtycRW85ebHPUvwYdYQzS1F+YkWqBkQRAfje4Zt6Y3V66E8Chzg=="
    }
  }
}
